braces.dev/errtrace v0.4.0 h1:+ruxKCIYhayA06DyNgz+8UE2znL20G6CtqDE7PR72vo=
braces.dev/errtrace v0.4.0/go.mod h1:Zor2Jn83tkhfEdiioKa4efFy62DYcOH06qoIea9QDYs=
codeberg.org/miekg/dns v0.6.90 h1:Trqn1KlkSsjWz3bJ6Q2/bfymmPwdfBZDQm2MCiN3Gog=
codeberg.org/miekg/dns v0.6.90/go.mod h1:58Y3ZTg6Z5ZEm/ZAAwHehbZfrD4u5mE4RByHoPEMyKk=
github.com/davecgh/go-spew v1.1.1 h1:vj9j/u1bqnvCEfJOwUhtlOARqs3+rkHYY13jYWTU97c=
github.com/davecgh/go-spew v1.1.1/go.mod h1:J7Y8YcW2NihsgmVo/mv3lAwl/skON4iLHjSsI+c5H38=
github.com/ghettovoice/abnf v0.7.2 h1:a7Maclq/RCeTHkENuTSLfAmDkbR2c/o6k7AUg30WxNQ=
github.com/ghettovoice/abnf v0.7.2/go.mod h1:eB2vMsti+FEDKY1pFgiYeB4acuSBgKDCnAjRBldt1fI=
github.com/gofrs/uuid/v5 v5.5.1 h1:z1Ce19/JwNidXpy3tOQc3241lnJLKdKyq/xlNvlD4Ng=
github.com/gofrs/uuid/v5 v5.5.1/go.mod h1:bbAA98EoIlxyRHIVg6ektCSsZ5n8mSbwgEhvhMYlZgg=
github.com/golang-cz/devslog v0.0.17 h1:FAAqtWwomNWqWaoiitKfKWwSU8la0SQ9XhwXF7x2QF4=
github.com/golang-cz/devslog v0.0.17/go.mod h1:bSe5bm0A7Nyfqtijf1OMNgVJHlWEuVSXnkuASiE1vV8=
github.com/google/go-cmp v0.7.0 h1:wk8382ETsv4JYUZwIsn6YpYiWiBsYLSJiTsyBybVuN8=
github.com/google/go-cmp v0.7.0/go.mod h1:pXiqmnSA92OHEEa9HXL2W4E7lf9JzCmGVUdgjX3N/iU=
github.com/hashicorp/golang-lru/v2 v2.0.7 h1:a+bsQ5rvGLjzHuww6tVxozPZFVghXaHOwFs4luLUK2k=
github.com/hashicorp/golang-lru/v2 v2.0.7/go.mod h1:QeFd9opnmA6QUJc5vARoKUSoFhyfM2/ZepoAG6RGpeM=
github.com/phsym/console-slog v0.3.1 h1:Fuzcrjr40xTc004S9Kni8XfNsk+qrptQmyR+wZw9/7A=
github.com/phsym/console-slog v0.3.1/go.mod h1:oJskjp/X6e6c0mGpfP8ELkfKUsrkDifYRAqJQgmdDS0=
github.com/pmezard/go-difflib v1.0.0 h1:4DBwDE0NGyQoBHbLQYPwSUPoCMWR5BEzIk/f1lZbAQM=
github.com/pmezard/go-difflib v1.0.0/go.mod h1:iKH77koFhYxTK1pcRnkKkqfTogsbg7gZNVY4sRDYZ/4=
github.com/qmuntal/stateless v1.8.0 h1:9+Eg/7bWLKxUxs/vysNYAelFAh85kTyueC3ee6v8im8=
github.com/qmuntal/stateless v1.8.0/go.mod h1:KWa8KVzIBD/ZS0EdzL5oU79sGq7fKwH9WEFijTC5AWw=
github.com/samber/lo v1.53.0 h1:t975lj2py4kJPQ6haz1QMgtId2gtmfktACxIXArw3HM=
github.com/samber/lo v1.53.0/go.mod h1:4+MXEGsJzbKGaUEQFKBq2xtfuznW9oz/WrgyzMzRoM0=
github.com/samber/slog-common v0.22.0 h1:WyPxYRg/c5xUmxZJbtd0QgysHlLBhRA+MngKdJieHxE=
github.com/samber/slog-common v0.22.0/go.mod h1:d/6OaSlzdkl9PFpfRLgn8FwY1OW6EFmPtBpsHX4MrU0=
github.com/samber/slog-formatter v1.3.0 h1:dpvLVSX883WSI222gUtEMLRd5ZOlKkmQlkrovdVZ9uA=
github.com/samber/slog-formatter v1.3.0/go.mod h1:9y2j6qgrCpa7B5Kbv/sKp1ak7wJ91tsswp1BHOUSukc=
github.com/samber/slog-multi v1.8.0 h1:E05c1wnQ+8M58oQDBABlJ4TEIJWssNgtckso3zlaLlI=
github.com/samber/slog-multi v1.8.0/go.mod h1:6+3j/ILxDvAcLD75YdQAm6iKWu6AmwlohLgQxL/2aiI=
github.com/stretchr/testify v1.8.0 h1:pSgiaMZlXftHpm5L7V1+rVB+AZJydKsMxsQBIJw4PKk=
github.com/stretchr/testify v1.8.0/go.mod h1:yNjHg4UonilssWZ8iaSj1OCr/vHnekPRkoO+kdMU+MU=
go.uber.org/goleak v1.3.0 h1:2K3zAYmnTNqV73imy9J1T3WC+gmCePx2hEGkimedGto=
go.uber.org/goleak v1.3.0/go.mod h1:CoHD4mav9JJNrW/WLlf7HGZPjdw8EucARQHekz1X6bE=
golang.org/x/crypto v0.55.0 h1:+KWHjbgOaAQ66dh/YlkZKHlz9ZUlq61AFirAR9ntP8M=
golang.org/x/crypto v0.55.0/go.mod h1:uq0V9dE/fzQuJtbnL+2EhWOE63vo164FY8xqEnV9xis=
golang.org/x/net v0.58.0 h1:ynWG7rqYi4ccpTEuPZ2QGWHktVEM9DMCj9yzDE0Q7To=
golang.org/x/net v0.58.0/go.mod h1:YwCddHnFlT7eLQqVprV19OnhLGtc5xOKgE0RyqgfWAU=
golang.org/x/sys v0.47.0 h1:o7XGOvZQCADBQQ4Y7VNq2dRWQR7JmOUW8Kxx4ZsNgWs=
golang.org/x/sys v0.47.0/go.mod h1:4GL1E5IUh+htKOUEOaiffhrAeqysfVGipDYzABqnCmw=
golang.org/x/text v0.41.0 h1:vz/seA0lnX87Othu2f/0L24RcgrXD9/YFTSuGjj3rH8=
golang.org/x/text v0.41.0/go.mod h1:jvf1O8ajNzZqhSrQBPbutR/EB83Cc0CFrezNQIwbb5M=
gopkg.in/yaml.v3 v3.0.1 h1:fxVm/GzAzEWqLHuvctI91KS9hhNmmWOoWu0XTYJS7CA=
gopkg.in/yaml.v3 v3.0.1/go.mod h1:K4uyk7z7BCEPqu6E+C64Yfv1cQ7kz7rIZviUmN+EgEM=
